{
  "version": 4,
  "terraform_version": "1.7.4",
  "serial": 1,
  "lineage": "ed166af9-b7e1-25de-51b4-206c85a3e465",
  "outputs": {},
  "resources": [
    {
      "module": "module.alert_policy",
      "mode": "managed",
      "type": "newrelic_alert_policy",
      "name": "this",
      "provider": "module.alert_policy.provider[\"registry.terraform.io/newrelic/newrelic\"]",
      "instances": [
        {
          "index_key": 0,
          "schema_version": 0,
          "attributes": {
            "account_id": 4438266,
            "channel_ids": null,
            "id": "5485174",
            "incident_preference": "PER_POLICY",
            "name": "Policy for Critical and Warning Conditions"
          },
          "sensitive_attributes": [],
          "private": "bnVsbA=="
        }
      ]
    }
  ],
  "check_results": null
}
